
Microsoft Visual Studio Solution File, Format Version 12.00
# Visual Studio Version 16
VisualStudioVersion = 16.0.30002.166
MinimumVisualStudioVersion = 10.0.40219.1
Project("{FAE04EC0-301F-11D3-BF4B-00C04F79EFBC}") = "Stundenplan", "Stundenplan.csproj", "{3F7B9C81-942C-4E6A-9023-FDFEAC167D23}"
EndProject
Global
	GlobalSection(SolutionConfigurationPlatforms) = preSolution
		Debug|Any CPU = Debug|Any CPU
		Release|Any CPU = Release|Any CPU
	EndGlobalSection
	GlobalSection(ProjectConfigurationPlatforms) = postSolution
		{3F7B9C81-942C-4E6A-9023-FDFEAC167D23}.Debug|Any CPU.ActiveCfg = Debug|Any CPU
		{3F7B9C81-942C-4E6A-9023-FDFEAC167D23}.Debug|Any CPU.Build.0 = Debug|Any CPU
		{3F7B9C81-942C-4E6A-9023-FDFEAC167D23}.Release|Any CPU.ActiveCfg = Release|Any CPU
		{3F7B9C81-942C-4E6A-9023-FDFEAC167D23}.Release|Any CPU.Build.0 = Release|Any CPU
	EndGlobalSection
	GlobalSection(SolutionProperties) = preSolution
		HideSolutionNode = FALSE
	EndGlobalSection
	GlobalSection(ExtensibilityGlobals) = postSolution
		SolutionGuid = {3A44BC62-0FDE-4856-BDAC-5F9EF408052E}
	EndGlobalSection
EndGlobal
